{
    "_meta": {
        "hash": {
            "sha256": "604d10d0db57d29ad74f011959eb6b1760eab50f2d5ad893c19990a04349ffbd"
        },
        "pipfile-spec": 6,
        "requires": {
            "python_version": "3.6"
        },
        "sources": [
            {
                "name": "pypi",
                "url": "https://pypi.org/simple",
                "verify_ssl": true
            }
        ]
    },
    "default": {
        "django": {
            "hashes": [
                "sha256:215c27453f775b6b1add83a185f76c2e2ab711d17786a6704bd62eabd93f89e3",
                "sha256:ffd89b89a2ee860ee521f054225044f52676825be4b61168d2842d44fcf457d3"
            ],
            "index": "pypi",
            "version": "==1.11.24"
        },
        "pytz": {
            "hashes": [
                "sha256:1c557d7d0e871de1f5ccd5833f60fb2550652da6be2693c1e02300743d21500d",
                "sha256:b02c06db6cf09c12dd25137e563b31700d3b80fcc4ad23abb7a315f2789819be"
            ],
            "version": "==2019.3"
        }
    },
    "develop": {}
}
